
Microsoft Visual Studio Solution File, Format Version 12.00
# Visual Studio Version 17
VisualStudioVersion = 17.3.32825.248
MinimumVisualStudioVersion = 10.0.40219.1
Project("{FAE04EC0-301F-11D3-BF4B-00C04F79EFBC}") = "CourseWork.API", "src\CourseWork.API\CourseWork.API.csproj", "{FC6DB267-4398-472D-9CFE-56E743AD7649}"
EndProject
Project("{FAE04EC0-301F-11D3-BF4B-00C04F79EFBC}") = "CourseWork.DAL", "src\CourseWork.DAL\CourseWork.DAL.csproj", "{CB0AF749-A612-4FDA-9BC5-F6702513A76E}"
EndProject
Project("{FAE04EC0-301F-11D3-BF4B-00C04F79EFBC}") = "CourseWork.Web", "src\CourseWork.Web\CourseWork.Web.csproj", "{3A47937B-981A-4C58-89E3-52BA125207AC}"
EndProject
Global
	GlobalSection(SolutionConfigurationPlatforms) = preSolution
		Debug|Any CPU = Debug|Any CPU
		Release|Any CPU = Release|Any CPU
	EndGlobalSection
	GlobalSection(ProjectConfigurationPlatforms) = postSolution
		{FC6DB267-4398-472D-9CFE-56E743AD7649}.Debug|Any CPU.ActiveCfg = Debug|Any CPU
		{FC6DB267-4398-472D-9CFE-56E743AD7649}.Debug|Any CPU.Build.0 = Debug|Any CPU
		{FC6DB267-4398-472D-9CFE-56E743AD7649}.Release|Any CPU.ActiveCfg = Release|Any CPU
		{FC6DB267-4398-472D-9CFE-56E743AD7649}.Release|Any CPU.Build.0 = Release|Any CPU
		{CB0AF749-A612-4FDA-9BC5-F6702513A76E}.Debug|Any CPU.ActiveCfg = Debug|Any CPU
		{CB0AF749-A612-4FDA-9BC5-F6702513A76E}.Debug|Any CPU.Build.0 = Debug|Any CPU
		{CB0AF749-A612-4FDA-9BC5-F6702513A76E}.Release|Any CPU.ActiveCfg = Release|Any CPU
		{CB0AF749-A612-4FDA-9BC5-F6702513A76E}.Release|Any CPU.Build.0 = Release|Any CPU
		{3A47937B-981A-4C58-89E3-52BA125207AC}.Debug|Any CPU.ActiveCfg = Debug|Any CPU
		{3A47937B-981A-4C58-89E3-52BA125207AC}.Debug|Any CPU.Build.0 = Debug|Any CPU
		{3A47937B-981A-4C58-89E3-52BA125207AC}.Release|Any CPU.ActiveCfg = Release|Any CPU
		{3A47937B-981A-4C58-89E3-52BA125207AC}.Release|Any CPU.Build.0 = Release|Any CPU
	EndGlobalSection
	GlobalSection(SolutionProperties) = preSolution
		HideSolutionNode = FALSE
	EndGlobalSection
	GlobalSection(ExtensibilityGlobals) = postSolution
		SolutionGuid = {E483D0F1-35AD-478D-843E-8E90754872F1}
	EndGlobalSection
EndGlobal
